
Microsoft Visual Studio Solution File, Format Version 12.00
# Visual Studio 15
Project("{FAE04EC0-301F-11D3-BF4B-00C04F79EFBC}") = "Xamarin.Forms.OpenTok.Sample.Android", "Xamarin.Forms.OpenTok.Sample.Android\Xamarin.Forms.OpenTok.Sample.Android.csproj", "{7E49EE4D-AC38-4921-92EB-6D4E7A99369A}"
EndProject
Project("{FAE04EC0-301F-11D3-BF4B-00C04F79EFBC}") = "Xamarin.Forms.OpenTok.Sample.iOS", "Xamarin.Forms.OpenTok.Sample.iOS\Xamarin.Forms.OpenTok.Sample.iOS.csproj", "{089155BC-EC31-4438-9D55-6265F9275797}"
EndProject
Project("{FAE04EC0-301F-11D3-BF4B-00C04F79EFBC}") = "Xamarin.Forms.OpenTok.Sample", "Xamarin.Forms.OpenTok.Sample\Xamarin.Forms.OpenTok.Sample.csproj", "{4D809EEA-4228-4771-8C2A-7EDDE7B92606}"
EndProject
Project("{2150E333-8FDC-42A3-9474-1A3956D46DE8}") = "Lib", "Lib", "{97B075F2-322D-4FD8-8286-64EDE18CB6C8}"
EndProject
Project("{FAE04EC0-301F-11D3-BF4B-00C04F79EFBC}") = "Xamarin.Forms.OpenTok", "Lib\Xamarin.Forms.OpenTok\Xamarin.Forms.OpenTok.csproj", "{C2457FED-C235-4A39-8728-1E78A1C01DC4}"
EndProject
Project("{FAE04EC0-301F-11D3-BF4B-00C04F79EFBC}") = "Xamarin.Forms.OpenTok.iOS", "Lib\Xamarin.Forms.OpenTok.iOS\Xamarin.Forms.OpenTok.iOS.csproj", "{234F030A-8C31-46DF-89DF-39980BB834D6}"
EndProject
Project("{FAE04EC0-301F-11D3-BF4B-00C04F79EFBC}") = "Xamarin.Forms.OpenTok.Android", "Lib\Xamarin.Forms.OpenTok.Android\Xamarin.Forms.OpenTok.Android.csproj", "{81B7D386-5D4D-42E7-9F60-93E6F1D1FA0C}"
EndProject
Global
	GlobalSection(SolutionConfigurationPlatforms) = preSolution
		Debug|Any CPU = Debug|Any CPU
		Release|Any CPU = Release|Any CPU
		Debug|iPhoneSimulator = Debug|iPhoneSimulator
		Release|iPhoneSimulator = Release|iPhoneSimulator
		Debug|iPhone = Debug|iPhone
		Release|iPhone = Release|iPhone
		Ad-Hoc|iPhone = Ad-Hoc|iPhone
		AppStore|iPhone = AppStore|iPhone
	EndGlobalSection
	GlobalSection(ProjectConfigurationPlatforms) = postSolution
		{7E49EE4D-AC38-4921-92EB-6D4E7A99369A}.Debug|Any CPU.ActiveCfg = Debug|Any CPU
		{7E49EE4D-AC38-4921-92EB-6D4E7A99369A}.Debug|Any CPU.Build.0 = Debug|Any CPU
		{7E49EE4D-AC38-4921-92EB-6D4E7A99369A}.Release|Any CPU.ActiveCfg = Release|Any CPU
		{7E49EE4D-AC38-4921-92EB-6D4E7A99369A}.Release|Any CPU.Build.0 = Release|Any CPU
		{7E49EE4D-AC38-4921-92EB-6D4E7A99369A}.Debug|iPhoneSimulator.ActiveCfg = Debug|Any CPU
		{7E49EE4D-AC38-4921-92EB-6D4E7A99369A}.Debug|iPhoneSimulator.Build.0 = Debug|Any CPU
		{7E49EE4D-AC38-4921-92EB-6D4E7A99369A}.Release|iPhoneSimulator.ActiveCfg = Release|Any CPU
		{7E49EE4D-AC38-4921-92EB-6D4E7A99369A}.Release|iPhoneSimulator.Build.0 = Release|Any CPU
		{7E49EE4D-AC38-4921-92EB-6D4E7A99369A}.Debug|iPhone.ActiveCfg = Debug|Any CPU
		{7E49EE4D-AC38-4921-92EB-6D4E7A99369A}.Debug|iPhone.Build.0 = Debug|Any CPU
		{7E49EE4D-AC38-4921-92EB-6D4E7A99369A}.Release|iPhone.ActiveCfg = Release|Any CPU
		{7E49EE4D-AC38-4921-92EB-6D4E7A99369A}.Release|iPhone.Build.0 = Release|Any CPU
		{7E49EE4D-AC38-4921-92EB-6D4E7A99369A}.Ad-Hoc|iPhone.ActiveCfg = Debug|Any CPU
		{7E49EE4D-AC38-4921-92EB-6D4E7A99369A}.Ad-Hoc|iPhone.Build.0 = Debug|Any CPU
		{7E49EE4D-AC38-4921-92EB-6D4E7A99369A}.AppStore|iPhone.ActiveCfg = Debug|Any CPU
		{7E49EE4D-AC38-4921-92EB-6D4E7A99369A}.AppStore|iPhone.Build.0 = Debug|Any CPU
		{089155BC-EC31-4438-9D55-6265F9275797}.Debug|Any CPU.ActiveCfg = Debug|iPhoneSimulator
		{089155BC-EC31-4438-9D55-6265F9275797}.Debug|Any CPU.Build.0 = Debug|iPhoneSimulator
		{089155BC-EC31-4438-9D55-6265F9275797}.Release|Any CPU.ActiveCfg = Release|iPhone
		{089155BC-EC31-4438-9D55-6265F9275797}.Release|Any CPU.Build.0 = Release|iPhone
		{089155BC-EC31-4438-9D55-6265F9275797}.Debug|iPhoneSimulator.ActiveCfg = Debug|iPhoneSimulator
		{089155BC-EC31-4438-9D55-6265F9275797}.Debug|iPhoneSimulator.Build.0 = Debug|iPhoneSimulator
		{089155BC-EC31-4438-9D55-6265F9275797}.Release|iPhoneSimulator.ActiveCfg = Release|iPhoneSimulator
		{089155BC-EC31-4438-9D55-6265F9275797}.Release|iPhoneSimulator.Build.0 = Release|iPhoneSimulator
		{089155BC-EC31-4438-9D55-6265F9275797}.Debug|iPhone.ActiveCfg = Debug|iPhone
		{089155BC-EC31-4438-9D55-6265F9275797}.Debug|iPhone.Build.0 = Debug|iPhone
		{089155BC-EC31-4438-9D55-6265F9275797}.Release|iPhone.ActiveCfg = Release|iPhone
		{089155BC-EC31-4438-9D55-6265F9275797}.Release|iPhone.Build.0 = Release|iPhone
		{089155BC-EC31-4438-9D55-6265F9275797}.Ad-Hoc|iPhone.ActiveCfg = Ad-Hoc|iPhone
		{089155BC-EC31-4438-9D55-6265F9275797}.Ad-Hoc|iPhone.Build.0 = Ad-Hoc|iPhone
		{089155BC-EC31-4438-9D55-6265F9275797}.AppStore|iPhone.ActiveCfg = AppStore|iPhone
		{089155BC-EC31-4438-9D55-6265F9275797}.AppStore|iPhone.Build.0 = AppStore|iPhone
		{4D809EEA-4228-4771-8C2A-7EDDE7B92606}.Debug|Any CPU.ActiveCfg = Debug|Any CPU
		{4D809EEA-4228-4771-8C2A-7EDDE7B92606}.Debug|Any CPU.Build.0 = Debug|Any CPU
		{4D809EEA-4228-4771-8C2A-7EDDE7B92606}.Release|Any CPU.ActiveCfg = Release|Any CPU
		{4D809EEA-4228-4771-8C2A-7EDDE7B92606}.Release|Any CPU.Build.0 = Release|Any CPU
		{4D809EEA-4228-4771-8C2A-7EDDE7B92606}.Debug|iPhoneSimulator.ActiveCfg = Debug|Any CPU
		{4D809EEA-4228-4771-8C2A-7EDDE7B92606}.Debug|iPhoneSimulator.Build.0 = Debug|Any CPU
		{4D809EEA-4228-4771-8C2A-7EDDE7B92606}.Release|iPhoneSimulator.ActiveCfg = Release|Any CPU
		{4D809EEA-4228-4771-8C2A-7EDDE7B92606}.Release|iPhoneSimulator.Build.0 = Release|Any CPU
		{4D809EEA-4228-4771-8C2A-7EDDE7B92606}.Debug|iPhone.ActiveCfg = Debug|Any CPU
		{4D809EEA-4228-4771-8C2A-7EDDE7B92606}.Debug|iPhone.Build.0 = Debug|Any CPU
		{4D809EEA-4228-4771-8C2A-7EDDE7B92606}.Release|iPhone.ActiveCfg = Release|Any CPU
		{4D809EEA-4228-4771-8C2A-7EDDE7B92606}.Release|iPhone.Build.0 = Release|Any CPU
		{4D809EEA-4228-4771-8C2A-7EDDE7B92606}.Ad-Hoc|iPhone.ActiveCfg = Debug|Any CPU
		{4D809EEA-4228-4771-8C2A-7EDDE7B92606}.Ad-Hoc|iPhone.Build.0 = Debug|Any CPU
		{4D809EEA-4228-4771-8C2A-7EDDE7B92606}.AppStore|iPhone.ActiveCfg = Debug|Any CPU
		{4D809EEA-4228-4771-8C2A-7EDDE7B92606}.AppStore|iPhone.Build.0 = Debug|Any CPU
		{C2457FED-C235-4A39-8728-1E78A1C01DC4}.Debug|Any CPU.ActiveCfg = Debug|Any CPU
		{C2457FED-C235-4A39-8728-1E78A1C01DC4}.Debug|Any CPU.Build.0 = Debug|Any CPU
		{C2457FED-C235-4A39-8728-1E78A1C01DC4}.Release|Any CPU.ActiveCfg = Release|Any CPU
		{C2457FED-C235-4A39-8728-1E78A1C01DC4}.Release|Any CPU.Build.0 = Release|Any CPU
		{C2457FED-C235-4A39-8728-1E78A1C01DC4}.Debug|iPhoneSimulator.ActiveCfg = Debug|Any CPU
		{C2457FED-C235-4A39-8728-1E78A1C01DC4}.Debug|iPhoneSimulator.Build.0 = Debug|Any CPU
		{C2457FED-C235-4A39-8728-1E78A1C01DC4}.Release|iPhoneSimulator.ActiveCfg = Release|Any CPU
		{C2457FED-C235-4A39-8728-1E78A1C01DC4}.Release|iPhoneSimulator.Build.0 = Release|Any CPU
		{C2457FED-C235-4A39-8728-1E78A1C01DC4}.Debug|iPhone.ActiveCfg = Debug|Any CPU
		{C2457FED-C235-4A39-8728-1E78A1C01DC4}.Debug|iPhone.Build.0 = Debug|Any CPU
		{C2457FED-C235-4A39-8728-1E78A1C01DC4}.Release|iPhone.ActiveCfg = Release|Any CPU
		{C2457FED-C235-4A39-8728-1E78A1C01DC4}.Release|iPhone.Build.0 = Release|Any CPU
		{C2457FED-C235-4A39-8728-1E78A1C01DC4}.Ad-Hoc|iPhone.ActiveCfg = Debug|Any CPU
		{C2457FED-C235-4A39-8728-1E78A1C01DC4}.Ad-Hoc|iPhone.Build.0 = Debug|Any CPU
		{C2457FED-C235-4A39-8728-1E78A1C01DC4}.AppStore|iPhone.ActiveCfg = Debug|Any CPU
		{C2457FED-C235-4A39-8728-1E78A1C01DC4}.AppStore|iPhone.Build.0 = Debug|Any CPU
		{234F030A-8C31-46DF-89DF-39980BB834D6}.Debug|Any CPU.ActiveCfg = Debug|Any CPU
		{234F030A-8C31-46DF-89DF-39980BB834D6}.Debug|Any CPU.Build.0 = Debug|Any CPU
		{234F030A-8C31-46DF-89DF-39980BB834D6}.Release|Any CPU.ActiveCfg = Release|Any CPU
		{234F030A-8C31-46DF-89DF-39980BB834D6}.Release|Any CPU.Build.0 = Release|Any CPU
		{234F030A-8C31-46DF-89DF-39980BB834D6}.Debug|iPhoneSimulator.ActiveCfg = Debug|Any CPU
		{234F030A-8C31-46DF-89DF-39980BB834D6}.Debug|iPhoneSimulator.Build.0 = Debug|Any CPU
		{234F030A-8C31-46DF-89DF-39980BB834D6}.Release|iPhoneSimulator.ActiveCfg = Release|Any CPU
		{234F030A-8C31-46DF-89DF-39980BB834D6}.Release|iPhoneSimulator.Build.0 = Release|Any CPU
		{234F030A-8C31-46DF-89DF-39980BB834D6}.Debug|iPhone.ActiveCfg = Debug|Any CPU
		{234F030A-8C31-46DF-89DF-39980BB834D6}.Debug|iPhone.Build.0 = Debug|Any CPU
		{234F030A-8C31-46DF-89DF-39980BB834D6}.Release|iPhone.ActiveCfg = Release|Any CPU
		{234F030A-8C31-46DF-89DF-39980BB834D6}.Release|iPhone.Build.0 = Release|Any CPU
		{234F030A-8C31-46DF-89DF-39980BB834D6}.Ad-Hoc|iPhone.ActiveCfg = Debug|Any CPU
		{234F030A-8C31-46DF-89DF-39980BB834D6}.Ad-Hoc|iPhone.Build.0 = Debug|Any CPU
		{234F030A-8C31-46DF-89DF-39980BB834D6}.AppStore|iPhone.ActiveCfg = Debug|Any CPU
		{234F030A-8C31-46DF-89DF-39980BB834D6}.AppStore|iPhone.Build.0 = Debug|Any CPU
		{81B7D386-5D4D-42E7-9F60-93E6F1D1FA0C}.Debug|Any CPU.ActiveCfg = Debug|Any CPU
		{81B7D386-5D4D-42E7-9F60-93E6F1D1FA0C}.Debug|Any CPU.Build.0 = Debug|Any CPU
		{81B7D386-5D4D-42E7-9F60-93E6F1D1FA0C}.Release|Any CPU.ActiveCfg = Release|Any CPU
		{81B7D386-5D4D-42E7-9F60-93E6F1D1FA0C}.Release|Any CPU.Build.0 = Release|Any CPU
		{81B7D386-5D4D-42E7-9F60-93E6F1D1FA0C}.Debug|iPhoneSimulator.ActiveCfg = Debug|Any CPU
		{81B7D386-5D4D-42E7-9F60-93E6F1D1FA0C}.Debug|iPhoneSimulator.Build.0 = Debug|Any CPU
		{81B7D386-5D4D-42E7-9F60-93E6F1D1FA0C}.Release|iPhoneSimulator.ActiveCfg = Release|Any CPU
		{81B7D386-5D4D-42E7-9F60-93E6F1D1FA0C}.Release|iPhoneSimulator.Build.0 = Release|Any CPU
		{81B7D386-5D4D-42E7-9F60-93E6F1D1FA0C}.Debug|iPhone.ActiveCfg = Debug|Any CPU
		{81B7D386-5D4D-42E7-9F60-93E6F1D1FA0C}.Debug|iPhone.Build.0 = Debug|Any CPU
		{81B7D386-5D4D-42E7-9F60-93E6F1D1FA0C}.Release|iPhone.ActiveCfg = Release|Any CPU
		{81B7D386-5D4D-42E7-9F60-93E6F1D1FA0C}.Release|iPhone.Build.0 = Release|Any CPU
		{81B7D386-5D4D-42E7-9F60-93E6F1D1FA0C}.Ad-Hoc|iPhone.ActiveCfg = Debug|Any CPU
		{81B7D386-5D4D-42E7-9F60-93E6F1D1FA0C}.Ad-Hoc|iPhone.Build.0 = Debug|Any CPU
		{81B7D386-5D4D-42E7-9F60-93E6F1D1FA0C}.AppStore|iPhone.ActiveCfg = Debug|Any CPU
		{81B7D386-5D4D-42E7-9F60-93E6F1D1FA0C}.AppStore|iPhone.Build.0 = Debug|Any CPU
	EndGlobalSection
	GlobalSection(NestedProjects) = preSolution
		{C2457FED-C235-4A39-8728-1E78A1C01DC4} = {97B075F2-322D-4FD8-8286-64EDE18CB6C8}
		{234F030A-8C31-46DF-89DF-39980BB834D6} = {97B075F2-322D-4FD8-8286-64EDE18CB6C8}
		{81B7D386-5D4D-42E7-9F60-93E6F1D1FA0C} = {97B075F2-322D-4FD8-8286-64EDE18CB6C8}
	EndGlobalSection
EndGlobal
